
Microsoft Visual Studio Solution File, Format Version 11.00
# Visual Studio 2010
Project("{FAE04EC0-301F-11D3-BF4B-00C04F79EFBC}") = "AIA.Intranet.Portal", "AIA.Intranet.Portal\AIA.Intranet.Portal.csproj", "{FFB5A42F-247B-47B0-8CA0-42563E5AEF12}"
EndProject
Global
	GlobalSection(SolutionConfigurationPlatforms) = preSolution
		Debug|Any CPU = Debug|Any CPU
		Release|Any CPU = Release|Any CPU
	EndGlobalSection
	GlobalSection(ProjectConfigurationPlatforms) = postSolution
		{FFB5A42F-247B-47B0-8CA0-42563E5AEF12}.Debug|Any CPU.ActiveCfg = Debug|Any CPU
		{FFB5A42F-247B-47B0-8CA0-42563E5AEF12}.Debug|Any CPU.Build.0 = Debug|Any CPU
		{FFB5A42F-247B-47B0-8CA0-42563E5AEF12}.Debug|Any CPU.Deploy.0 = Debug|Any CPU
		{FFB5A42F-247B-47B0-8CA0-42563E5AEF12}.Release|Any CPU.ActiveCfg = Release|Any CPU
		{FFB5A42F-247B-47B0-8CA0-42563E5AEF12}.Release|Any CPU.Build.0 = Release|Any CPU
		{FFB5A42F-247B-47B0-8CA0-42563E5AEF12}.Release|Any CPU.Deploy.0 = Release|Any CPU
	EndGlobalSection
	GlobalSection(SolutionProperties) = preSolution
		HideSolutionNode = FALSE
	EndGlobalSection
EndGlobal
